
Microsoft Visual Studio Solution File, Format Version 12.00
# Visual Studio Version 17
VisualStudioVersion = 17.0.31903.59
MinimumVisualStudioVersion = 10.0.40219.1
Project("{2150E333-8FDC-42A3-9474-1A3956D46DE8}") = "src", "src", "{827E0CD3-B72D-47B6-A68D-7590B98EB39B}"
EndProject
Project("{FAE04EC0-301F-11D3-BF4B-00C04F79EFBC}") = "Ludeka.Core", "src\Ludeka.Core\Ludeka.Core.csproj", "{999EE729-F569-496A-96B6-491C451E606A}"
EndProject
Project("{FAE04EC0-301F-11D3-BF4B-00C04F79EFBC}") = "Ludeka.Application", "src\Ludeka.Application\Ludeka.Application.csproj", "{8749A767-93FB-49DB-998B-A55B2DD37ABE}"
EndProject
Project("{FAE04EC0-301F-11D3-BF4B-00C04F79EFBC}") = "Ludeka.Infrastructure", "src\Ludeka.Infrastructure\Ludeka.Infrastructure.csproj", "{5EBA049D-55C1-4DBA-B4F0-F2B8AA674CDD}"
EndProject
Project("{FAE04EC0-301F-11D3-BF4B-00C04F79EFBC}") = "Ludeka.Web", "src\Ludeka.Web\Ludeka.Web.csproj", "{4636F548-BEBE-4B4B-B5D7-72C3F0A670E7}"
EndProject
Project("{2150E333-8FDC-42A3-9474-1A3956D46DE8}") = "tests", "tests", "{0AB3BF05-4346-4AA6-1389-037BE0695223}"
EndProject
Project("{FAE04EC0-301F-11D3-BF4B-00C04F79EFBC}") = "Ludeka.UnitTests", "tests\Ludeka.UnitTests\Ludeka.UnitTests.csproj", "{0C3BB911-C38F-4492-A8DE-A94E7D22525D}"
EndProject
Global
	GlobalSection(SolutionConfigurationPlatforms) = preSolution
		Debug|Any CPU = Debug|Any CPU
		Debug|x64 = Debug|x64
		Debug|x86 = Debug|x86
		Release|Any CPU = Release|Any CPU
		Release|x64 = Release|x64
		Release|x86 = Release|x86
	EndGlobalSection
	GlobalSection(ProjectConfigurationPlatforms) = postSolution
		{999EE729-F569-496A-96B6-491C451E606A}.Debug|Any CPU.ActiveCfg = Debug|Any CPU
		{999EE729-F569-496A-96B6-491C451E606A}.Debug|Any CPU.Build.0 = Debug|Any CPU
		{999EE729-F569-496A-96B6-491C451E606A}.Debug|x64.ActiveCfg = Debug|Any CPU
		{999EE729-F569-496A-96B6-491C451E606A}.Debug|x64.Build.0 = Debug|Any CPU
		{999EE729-F569-496A-96B6-491C451E606A}.Debug|x86.ActiveCfg = Debug|Any CPU
		{999EE729-F569-496A-96B6-491C451E606A}.Debug|x86.Build.0 = Debug|Any CPU
		{999EE729-F569-496A-96B6-491C451E606A}.Release|Any CPU.ActiveCfg = Release|Any CPU
		{999EE729-F569-496A-96B6-491C451E606A}.Release|Any CPU.Build.0 = Release|Any CPU
		{999EE729-F569-496A-96B6-491C451E606A}.Release|x64.ActiveCfg = Release|Any CPU
		{999EE729-F569-496A-96B6-491C451E606A}.Release|x64.Build.0 = Release|Any CPU
		{999EE729-F569-496A-96B6-491C451E606A}.Release|x86.ActiveCfg = Release|Any CPU
		{999EE729-F569-496A-96B6-491C451E606A}.Release|x86.Build.0 = Release|Any CPU
		{8749A767-93FB-49DB-998B-A55B2DD37ABE}.Debug|Any CPU.ActiveCfg = Debug|Any CPU
		{8749A767-93FB-49DB-998B-A55B2DD37ABE}.Debug|Any CPU.Build.0 = Debug|Any CPU
		{8749A767-93FB-49DB-998B-A55B2DD37ABE}.Debug|x64.ActiveCfg = Debug|Any CPU
		{8749A767-93FB-49DB-998B-A55B2DD37ABE}.Debug|x64.Build.0 = Debug|Any CPU
		{8749A767-93FB-49DB-998B-A55B2DD37ABE}.Debug|x86.ActiveCfg = Debug|Any CPU
		{8749A767-93FB-49DB-998B-A55B2DD37ABE}.Debug|x86.Build.0 = Debug|Any CPU
		{8749A767-93FB-49DB-998B-A55B2DD37ABE}.Release|Any CPU.ActiveCfg = Release|Any CPU
		{8749A767-93FB-49DB-998B-A55B2DD37ABE}.Release|Any CPU.Build.0 = Release|Any CPU
		{8749A767-93FB-49DB-998B-A55B2DD37ABE}.Release|x64.ActiveCfg = Release|Any CPU
		{8749A767-93FB-49DB-998B-A55B2DD37ABE}.Release|x64.Build.0 = Release|Any CPU
		{8749A767-93FB-49DB-998B-A55B2DD37ABE}.Release|x86.ActiveCfg = Release|Any CPU
		{8749A767-93FB-49DB-998B-A55B2DD37ABE}.Release|x86.Build.0 = Release|Any CPU
		{5EBA049D-55C1-4DBA-B4F0-F2B8AA674CDD}.Debug|Any CPU.ActiveCfg = Debug|Any CPU
		{5EBA049D-55C1-4DBA-B4F0-F2B8AA674CDD}.Debug|Any CPU.Build.0 = Debug|Any CPU
		{5EBA049D-55C1-4DBA-B4F0-F2B8AA674CDD}.Debug|x64.ActiveCfg = Debug|Any CPU
		{5EBA049D-55C1-4DBA-B4F0-F2B8AA674CDD}.Debug|x64.Build.0 = Debug|Any CPU
		{5EBA049D-55C1-4DBA-B4F0-F2B8AA674CDD}.Debug|x86.ActiveCfg = Debug|Any CPU
		{5EBA049D-55C1-4DBA-B4F0-F2B8AA674CDD}.Debug|x86.Build.0 = Debug|Any CPU
		{5EBA049D-55C1-4DBA-B4F0-F2B8AA674CDD}.Release|Any CPU.ActiveCfg = Release|Any CPU
		{5EBA049D-55C1-4DBA-B4F0-F2B8AA674CDD}.Release|Any CPU.Build.0 = Release|Any CPU
		{5EBA049D-55C1-4DBA-B4F0-F2B8AA674CDD}.Release|x64.ActiveCfg = Release|Any CPU
		{5EBA049D-55C1-4DBA-B4F0-F2B8AA674CDD}.Release|x64.Build.0 = Release|Any CPU
		{5EBA049D-55C1-4DBA-B4F0-F2B8AA674CDD}.Release|x86.ActiveCfg = Release|Any CPU
		{5EBA049D-55C1-4DBA-B4F0-F2B8AA674CDD}.Release|x86.Build.0 = Release|Any CPU
		{4636F548-BEBE-4B4B-B5D7-72C3F0A670E7}.Debug|Any CPU.ActiveCfg = Debug|Any CPU
		{4636F548-BEBE-4B4B-B5D7-72C3F0A670E7}.Debug|Any CPU.Build.0 = Debug|Any CPU
		{4636F548-BEBE-4B4B-B5D7-72C3F0A670E7}.Debug|x64.ActiveCfg = Debug|Any CPU
		{4636F548-BEBE-4B4B-B5D7-72C3F0A670E7}.Debug|x64.Build.0 = Debug|Any CPU
		{4636F548-BEBE-4B4B-B5D7-72C3F0A670E7}.Debug|x86.ActiveCfg = Debug|Any CPU
		{4636F548-BEBE-4B4B-B5D7-72C3F0A670E7}.Debug|x86.Build.0 = Debug|Any CPU
		{4636F548-BEBE-4B4B-B5D7-72C3F0A670E7}.Release|Any CPU.ActiveCfg = Release|Any CPU
		{4636F548-BEBE-4B4B-B5D7-72C3F0A670E7}.Release|Any CPU.Build.0 = Release|Any CPU
		{4636F548-BEBE-4B4B-B5D7-72C3F0A670E7}.Release|x64.ActiveCfg = Release|Any CPU
		{4636F548-BEBE-4B4B-B5D7-72C3F0A670E7}.Release|x64.Build.0 = Release|Any CPU
		{4636F548-BEBE-4B4B-B5D7-72C3F0A670E7}.Release|x86.ActiveCfg = Release|Any CPU
		{4636F548-BEBE-4B4B-B5D7-72C3F0A670E7}.Release|x86.Build.0 = Release|Any CPU
		{0C3BB911-C38F-4492-A8DE-A94E7D22525D}.Debug|Any CPU.ActiveCfg = Debug|Any CPU
		{0C3BB911-C38F-4492-A8DE-A94E7D22525D}.Debug|Any CPU.Build.0 = Debug|Any CPU
		{0C3BB911-C38F-4492-A8DE-A94E7D22525D}.Debug|x64.ActiveCfg = Debug|Any CPU
		{0C3BB911-C38F-4492-A8DE-A94E7D22525D}.Debug|x64.Build.0 = Debug|Any CPU
		{0C3BB911-C38F-4492-A8DE-A94E7D22525D}.Debug|x86.ActiveCfg = Debug|Any CPU
		{0C3BB911-C38F-4492-A8DE-A94E7D22525D}.Debug|x86.Build.0 = Debug|Any CPU
		{0C3BB911-C38F-4492-A8DE-A94E7D22525D}.Release|Any CPU.ActiveCfg = Release|Any CPU
		{0C3BB911-C38F-4492-A8DE-A94E7D22525D}.Release|Any CPU.Build.0 = Release|Any CPU
		{0C3BB911-C38F-4492-A8DE-A94E7D22525D}.Release|x64.ActiveCfg = Release|Any CPU
		{0C3BB911-C38F-4492-A8DE-A94E7D22525D}.Release|x64.Build.0 = Release|Any CPU
		{0C3BB911-C38F-4492-A8DE-A94E7D22525D}.Release|x86.ActiveCfg = Release|Any CPU
		{0C3BB911-C38F-4492-A8DE-A94E7D22525D}.Release|x86.Build.0 = Release|Any CPU
	EndGlobalSection
	GlobalSection(SolutionProperties) = preSolution
		HideSolutionNode = FALSE
	EndGlobalSection
	GlobalSection(NestedProjects) = preSolution
		{999EE729-F569-496A-96B6-491C451E606A} = {827E0CD3-B72D-47B6-A68D-7590B98EB39B}
		{8749A767-93FB-49DB-998B-A55B2DD37ABE} = {827E0CD3-B72D-47B6-A68D-7590B98EB39B}
		{5EBA049D-55C1-4DBA-B4F0-F2B8AA674CDD} = {827E0CD3-B72D-47B6-A68D-7590B98EB39B}
		{4636F548-BEBE-4B4B-B5D7-72C3F0A670E7} = {827E0CD3-B72D-47B6-A68D-7590B98EB39B}
		{0C3BB911-C38F-4492-A8DE-A94E7D22525D} = {0AB3BF05-4346-4AA6-1389-037BE0695223}
	EndGlobalSection
EndGlobal
